
Microsoft Visual Studio Solution File, Format Version 12.00
# Visual Studio Version 17
VisualStudioVersion = 17.6.33815.320
MinimumVisualStudioVersion = 10.0.40219.1
Project("{FAE04EC0-301F-11D3-BF4B-00C04F79EFBC}") = "eProdaja", "eProdaja\eProdaja.csproj", "{0D0F58A9-ED51-4E87-8BD8-CBA1D4734D1B}"
EndProject
Project("{FAE04EC0-301F-11D3-BF4B-00C04F79EFBC}") = "eProdaja.Model", "eProdaja.Model\eProdaja.Model.csproj", "{BF702128-485A-4D86-ADE2-12FE21EE5DFD}"
EndProject
Project("{FAE04EC0-301F-11D3-BF4B-00C04F79EFBC}") = "eProdaja.Services", "eProdaja.Services\eProdaja.Services.csproj", "{5976F0F1-DAA6-43A2-8E86-94D84AEB0B55}"
EndProject
Global
	GlobalSection(SolutionConfigurationPlatforms) = preSolution
		Debug|Any CPU = Debug|Any CPU
		Release|Any CPU = Release|Any CPU
	EndGlobalSection
	GlobalSection(ProjectConfigurationPlatforms) = postSolution
		{0D0F58A9-ED51-4E87-8BD8-CBA1D4734D1B}.Debug|Any CPU.ActiveCfg = Debug|Any CPU
		{0D0F58A9-ED51-4E87-8BD8-CBA1D4734D1B}.Debug|Any CPU.Build.0 = Debug|Any CPU
		{0D0F58A9-ED51-4E87-8BD8-CBA1D4734D1B}.Release|Any CPU.ActiveCfg = Release|Any CPU
		{0D0F58A9-ED51-4E87-8BD8-CBA1D4734D1B}.Release|Any CPU.Build.0 = Release|Any CPU
		{BF702128-485A-4D86-ADE2-12FE21EE5DFD}.Debug|Any CPU.ActiveCfg = Debug|Any CPU
		{BF702128-485A-4D86-ADE2-12FE21EE5DFD}.Debug|Any CPU.Build.0 = Debug|Any CPU
		{BF702128-485A-4D86-ADE2-12FE21EE5DFD}.Release|Any CPU.ActiveCfg = Release|Any CPU
		{BF702128-485A-4D86-ADE2-12FE21EE5DFD}.Release|Any CPU.Build.0 = Release|Any CPU
		{5976F0F1-DAA6-43A2-8E86-94D84AEB0B55}.Debug|Any CPU.ActiveCfg = Debug|Any CPU
		{5976F0F1-DAA6-43A2-8E86-94D84AEB0B55}.Debug|Any CPU.Build.0 = Debug|Any CPU
		{5976F0F1-DAA6-43A2-8E86-94D84AEB0B55}.Release|Any CPU.ActiveCfg = Release|Any CPU
		{5976F0F1-DAA6-43A2-8E86-94D84AEB0B55}.Release|Any CPU.Build.0 = Release|Any CPU
	EndGlobalSection
	GlobalSection(SolutionProperties) = preSolution
		HideSolutionNode = FALSE
	EndGlobalSection
	GlobalSection(ExtensibilityGlobals) = postSolution
		SolutionGuid = {2A697921-126F-45EA-BFF9-455BE9B71ADA}
	EndGlobalSection
EndGlobal
